// !$*UTF8*$!
{
	archiveVersion = 1;
	classes = {
	};
	objectVersion = 46;
	objects = {

/* Begin PBXBuildFile section */
		486A9B4B1E728D270070D6F1 /* main.m in Sources */ = {isa = PBXBuildFile; fileRef = 486A9B4A1E728D270070D6F1 /* main.m */; };
		486A9B4E1E728D270070D6F1 /* AppDelegate.m in Sources */ = {isa = PBXBuildFile; fileRef = 486A9B4D1E728D270070D6F1 /* AppDelegate.m */; };
		486A9B511E728D270070D6F1 /* ViewController.m in Sources */ = {isa = PBXBuildFile; fileRef = 486A9B501E728D270070D6F1 /* ViewController.m */; };
		486A9B541E728D270070D6F1 /* Main.storyboard in Resources */ = {isa = PBXBuildFile; fileRef = 486A9B521E728D270070D6F1 /* Main.storyboard */; };
		486A9B561E728D270070D6F1 /* Assets.xcassets in Resources */ = {isa = PBXBuildFile; fileRef = 486A9B551E728D270070D6F1 /* Assets.xcassets */; };
		486A9B591E728D270070D6F1 /* LaunchScreen.storyboard in Resources */ = {isa = PBXBuildFile; fileRef = 486A9B571E728D270070D6F1 /* LaunchScreen.storyboard */; };
		486A9B631E728D570070D6F1 /* LYSWaveProgressView.m in Sources */ = {isa = PBXBuildFile; fileRef = 486A9B621E728D570070D6F1 /* LYSWaveProgressView.m */; };
		486A9B661E728D6D0070D6F1 /* LYSCircleProgressView.m in Sources */ = {isa = PBXBuildFile; fileRef = 486A9B651E728D6D0070D6F1 /* LYSCircleProgressView.m */; };
		486A9B691E728D870070D6F1 /* LYSHorizontalProgressView.m in Sources */ = {isa = PBXBuildFile; fileRef = 486A9B681E728D870070D6F1 /* LYSHorizontalProgressView.m */; };
		4882E2271E74420A006F2CC7 /* LYSCircleTwoProgressView.m in Sources */ = {isa = PBXBuildFile; fileRef = 4882E2261E74420A006F2CC7 /* LYSCircleTwoProgressView.m */; };
		48F755271E7EBC4F001CAD89 /* LYSCircleThreeProgressView.m in Sources */ = {isa = PBXBuildFile; fileRef = 48F755261E7EBC4F001CAD89 /* LYSCircleThreeProgressView.m */; };
		48F7552A1E7EDEF4001CAD89 /* LYSCircleFourProgressView.m in Sources */ = {isa = PBXBuildFile; fileRef = 48F755291E7EDEF4001CAD89 /* LYSCircleFourProgressView.m */; };
/* End PBXBuildFile section */

/* Begin PBXFileReference section */
		486A9B461E728D270070D6F1 /* LYSProgressView.app */ = {isa = PBXFileReference; explicitFileType = wrapper.application; includeInIndex = 0; path = LYSProgressView.app; sourceTree = BUILT_PRODUCTS_DIR; };
		486A9B4A1E728D270070D6F1 /* main.m */ = {isa = PBXFileReference; lastKnownFileType = sourcecode.c.objc; path = main.m; sourceTree = "<group>"; };
		486A9B4C1E728D270070D6F1 /* AppDelegate.h */ = {isa = PBXFileReference; lastKnownFileType = sourcecode.c.h; path = AppDelegate.h; sourceTree = "<group>"; };
		486A9B4D1E728D270070D6F1 /* AppDelegate.m */ = {isa = PBXFileReference; lastKnownFileType = sourcecode.c.objc; path = AppDelegate.m; sourceTree = "<group>"; };
		486A9B4F1E728D270070D6F1 /* ViewController.h */ = {isa = PBXFileReference; lastKnownFileType = sourcecode.c.h; path = ViewController.h; sourceTree = "<group>"; };
		486A9B501E728D270070D6F1 /* ViewController.m */ = {isa = PBXFileReference; lastKnownFileType = sourcecode.c.objc; path = ViewController.m; sourceTree = "<group>"; };
		486A9B531E728D270070D6F1 /* Base */ = {isa = PBXFileReference; lastKnownFileType = file.storyboard; name = Base; path = Base.lproj/Main.storyboard; sourceTree = "<group>"; };
		486A9B551E728D270070D6F1 /* Assets.xcassets */ = {isa = PBXFileReference; lastKnownFileType = folder.assetcatalog; path = Assets.xcassets; sourceTree = "<group>"; };
		486A9B581E728D270070D6F1 /* Base */ = {isa = PBXFileReference; lastKnownFileType = file.storyboard; name = Base; path = Base.lproj/LaunchScreen.storyboard; sourceTree = "<group>"; };
		486A9B5A1E728D270070D6F1 /* Info.plist */ = {isa = PBXFileReference; lastKnownFileType = text.plist.xml; path = Info.plist; sourceTree = "<group>"; };
		486A9B611E728D570070D6F1 /* LYSWaveProgressView.h */ = {isa = PBXFileReference; fileEncoding = 4; lastKnownFileType = sourcecode.c.h; path = LYSWaveProgressView.h; sourceTree = "<group>"; };
		486A9B621E728D570070D6F1 /* LYSWaveProgressView.m */ = {isa = PBXFileReference; fileEncoding = 4; lastKnownFileType = sourcecode.c.objc; path = LYSWaveProgressView.m; sourceTree = "<group>"; };
		486A9B641E728D6D0070D6F1 /* LYSCircleProgressView.h */ = {isa = PBXFileReference; fileEncoding = 4; lastKnownFileType = sourcecode.c.h; path = LYSCircleProgressView.h; sourceTree = "<group>"; };
		486A9B651E728D6D0070D6F1 /* LYSCircleProgressView.m */ = {isa = PBXFileReference; fileEncoding = 4; lastKnownFileType = sourcecode.c.objc; path = LYSCircleProgressView.m; sourceTree = "<group>"; };
		486A9B671E728D870070D6F1 /* LYSHorizontalProgressView.h */ = {isa = PBXFileReference; fileEncoding = 4; lastKnownFileType = sourcecode.c.h; path = LYSHorizontalProgressView.h; sourceTree = "<group>"; };
		486A9B681E728D870070D6F1 /* LYSHorizontalProgressView.m */ = {isa = PBXFileReference; fileEncoding = 4; lastKnownFileType = sourcecode.c.objc; path = LYSHorizontalProgressView.m; sourceTree = "<group>"; };
		4882E2251E74420A006F2CC7 /* LYSCircleTwoProgressView.h */ = {isa = PBXFileReference; fileEncoding = 4; lastKnownFileType = sourcecode.c.h; path = LYSCircleTwoProgressView.h; sourceTree = "<group>"; };
		4882E2261E74420A006F2CC7 /* LYSCircleTwoProgressView.m */ = {isa = PBXFileReference; fileEncoding = 4; lastKnownFileType = sourcecode.c.objc; path = LYSCircleTwoProgressView.m; sourceTree = "<group>"; };
		48F755251E7EBC4F001CAD89 /* LYSCircleThreeProgressView.h */ = {isa = PBXFileReference; fileEncoding = 4; lastKnownFileType = sourcecode.c.h; path = LYSCircleThreeProgressView.h; sourceTree = "<group>"; };
		48F755261E7EBC4F001CAD89 /* LYSCircleThreeProgressView.m */ = {isa = PBXFileReference; fileEncoding = 4; lastKnownFileType = sourcecode.c.objc; path = LYSCircleThreeProgressView.m; sourceTree = "<group>"; };
		48F755281E7EDEF4001CAD89 /* LYSCircleFourProgressView.h */ = {isa = PBXFileReference; fileEncoding = 4; lastKnownFileType = sourcecode.c.h; path = LYSCircleFourProgressView.h; sourceTree = "<group>"; };
		48F755291E7EDEF4001CAD89 /* LYSCircleFourProgressView.m */ = {isa = PBXFileReference; fileEncoding = 4; lastKnownFileType = sourcecode.c.objc; path = LYSCircleFourProgressView.m; sourceTree = "<group>"; };
/* End PBXFileReference section */

/* Begin PBXFrameworksBuildPhase section */
		486A9B431E728D270070D6F1 /* Frameworks */ = {
			isa = PBXFrameworksBuildPhase;
			buildActionMask = 2147483647;
			files = (
			);
			runOnlyForDeploymentPostprocessing = 0;
		};
/* End PBXFrameworksBuildPhase section */

/* Begin PBXGroup section */
		486A9B3D1E728D270070D6F1 = {
			isa = PBXGroup;
			children = (
				486A9B481E728D270070D6F1 /* LYSProgressView */,
				486A9B471E728D270070D6F1 /* Products */,
			);
			sourceTree = "<group>";
		};
		486A9B471E728D270070D6F1 /* Products */ = {
			isa = PBXGroup;
			children = (
				486A9B461E728D270070D6F1 /* LYSProgressView.app */,
			);
			name = Products;
			sourceTree = "<group>";
		};
		486A9B481E728D270070D6F1 /* LYSProgressView */ = {
			isa = PBXGroup;
			children = (
				486A9B601E728D3C0070D6F1 /* LYSProgressView */,
				486A9B4C1E728D270070D6F1 /* AppDelegate.h */,
				486A9B4D1E728D270070D6F1 /* AppDelegate.m */,
				486A9B4F1E728D270070D6F1 /* ViewController.h */,
				486A9B501E728D270070D6F1 /* ViewController.m */,
				486A9B521E728D270070D6F1 /* Main.storyboard */,
				486A9B551E728D270070D6F1 /* Assets.xcassets */,
				486A9B571E728D270070D6F1 /* LaunchScreen.storyboard */,
				486A9B5A1E728D270070D6F1 /* Info.plist */,
				486A9B491E728D270070D6F1 /* Supporting Files */,
			);
			path = LYSProgressView;
			sourceTree = "<group>";
		};
		486A9B491E728D270070D6F1 /* Supporting Files */ = {
			isa = PBXGroup;
			children = (
				486A9B4A1E728D270070D6F1 /* main.m */,
			);
			name = "Supporting Files";
			sourceTree = "<group>";
		};
		486A9B601E728D3C0070D6F1 /* LYSProgressView */ = {
			isa = PBXGroup;
			children = (
				486A9B611E728D570070D6F1 /* LYSWaveProgressView.h */,
				486A9B621E728D570070D6F1 /* LYSWaveProgressView.m */,
				486A9B641E728D6D0070D6F1 /* LYSCircleProgressView.h */,
				486A9B651E728D6D0070D6F1 /* LYSCircleProgressView.m */,
				486A9B671E728D870070D6F1 /* LYSHorizontalProgressView.h */,
				486A9B681E728D870070D6F1 /* LYSHorizontalProgressView.m */,
				4882E2251E74420A006F2CC7 /* LYSCircleTwoProgressView.h */,
				4882E2261E74420A006F2CC7 /* LYSCircleTwoProgressView.m */,
				48F755251E7EBC4F001CAD89 /* LYSCircleThreeProgressView.h */,
				48F755261E7EBC4F001CAD89 /* LYSCircleThreeProgressView.m */,
				48F755281E7EDEF4001CAD89 /* LYSCircleFourProgressView.h */,
				48F755291E7EDEF4001CAD89 /* LYSCircleFourProgressView.m */,
			);
			path = LYSProgressView;
			sourceTree = "<group>";
		};
/* End PBXGroup section */

/* Begin PBXNativeTarget section */
		486A9B451E728D270070D6F1 /* LYSProgressView */ = {
			isa = PBXNativeTarget;
			buildConfigurationList = 486A9B5D1E728D270070D6F1 /* Build configuration list for PBXNativeTarget "LYSProgressView" */;
			buildPhases = (
				486A9B421E728D270070D6F1 /* Sources */,
				486A9B431E728D270070D6F1 /* Frameworks */,
				486A9B441E728D270070D6F1 /* Resources */,
			);
			buildRules = (
			);
			dependencies = (
			);
			name = LYSProgressView;
			productName = LYSProgressView;
			productReference = 486A9B461E728D270070D6F1 /* LYSProgressView.app */;
			productType = "com.apple.product-type.application";
		};
/* End PBXNativeTarget section */

/* Begin PBXProject section */
		486A9B3E1E728D270070D6F1 /* Project object */ = {
			isa = PBXProject;
			attributes = {
				LastUpgradeCheck = 0820;
				ORGANIZATIONNAME = Goldcard;
				TargetAttributes = {
					486A9B451E728D270070D6F1 = {
						CreatedOnToolsVersion = 8.2.1;
						DevelopmentTeam = 4CX6972XTR;
						ProvisioningStyle = Manual;
					};
				};
			};
			buildConfigurationList = 486A9B411E728D270070D6F1 /* Build configuration list for PBXProject "LYSProgressView" */;
			compatibilityVersion = "Xcode 3.2";
			developmentRegion = English;
			hasScannedForEncodings = 0;
			knownRegions = (
				en,
				Base,
			);
			mainGroup = 486A9B3D1E728D270070D6F1;
			productRefGroup = 486A9B471E728D270070D6F1 /* Products */;
			projectDirPath = "";
			projectRoot = "";
			targets = (
				486A9B451E728D270070D6F1 /* LYSProgressView */,
			);
		};
/* End PBXProject section */

/* Begin PBXResourcesBuildPhase section */
		486A9B441E728D270070D6F1 /* Resources */ = {
			isa = PBXResourcesBuildPhase;
			buildActionMask = 2147483647;
			files = (
				486A9B591E728D270070D6F1 /* LaunchScreen.storyboard in Resources */,
				486A9B561E728D270070D6F1 /* Assets.xcassets in Resources */,
				486A9B541E728D270070D6F1 /* Main.storyboard in Resources */,
			);
			runOnlyForDeploymentPostprocessing = 0;
		};
/* End PBXResourcesBuildPhase section */

/* Begin PBXSourcesBuildPhase section */
		486A9B421E728D270070D6F1 /* Sources */ = {
			isa = PBXSourcesBuildPhase;
			buildActionMask = 2147483647;
			files = (
				48F7552A1E7EDEF4001CAD89 /* LYSCircleFourProgressView.m in Sources */,
				486A9B511E728D270070D6F1 /* ViewController.m in Sources */,
				48F755271E7EBC4F001CAD89 /* LYSCircleThreeProgressView.m in Sources */,
				4882E2271E74420A006F2CC7 /* LYSCircleTwoProgressView.m in Sources */,
				486A9B4E1E728D270070D6F1 /* AppDelegate.m in Sources */,
				486A9B4B1E728D270070D6F1 /* main.m in Sources */,
				486A9B631E728D570070D6F1 /* LYSWaveProgressView.m in Sources */,
				486A9B691E728D870070D6F1 /* LYSHorizontalProgressView.m in Sources */,
				486A9B661E728D6D0070D6F1 /* LYSCircleProgressView.m in Sources */,
			);
			runOnlyForDeploymentPostprocessing = 0;
		};
/* End PBXSourcesBuildPhase section */

/* Begin PBXVariantGroup section */
		486A9B521E728D270070D6F1 /* Main.storyboard */ = {
			isa = PBXVariantGroup;
			children = (
				486A9B531E728D270070D6F1 /* Base */,
			);
			name = Main.storyboard;
			sourceTree = "<group>";
		};
		486A9B571E728D270070D6F1 /* LaunchScreen.storyboard */ = {
			isa = PBXVariantGroup;
			children = (
				486A9B581E728D270070D6F1 /* Base */,
			);
			name = LaunchScreen.storyboard;
			sourceTree = "<group>";
		};
/* End PBXVariantGroup section */

/* Begin XCBuildConfiguration section */
		486A9B5B1E728D270070D6F1 /* Debug */ = {
			isa = XCBuildConfiguration;
			buildSettings = {
				ALWAYS_SEARCH_USER_PATHS = NO;
				CLANG_ANALYZER_NONNULL = YES;
				CLANG_CXX_LANGUAGE_STANDARD = "gnu++0x";
				CLANG_CXX_LIBRARY = "libc++";
				CLANG_ENABLE_MODULES = YES;
				CLANG_ENABLE_OBJC_ARC = YES;
				CLANG_WARN_BOOL_CONVERSION = YES;
				CLANG_WARN_CONSTANT_CONVERSION = YES;
				CLANG_WARN_DIRECT_OBJC_ISA_USAGE = YES_ERROR;
				CLANG_WARN_DOCUMENTATION_COMMENTS = YES;
				CLANG_WARN_EMPTY_BODY = YES;
				CLANG_WARN_ENUM_CONVERSION = YES;
				CLANG_WARN_INFINITE_RECURSION = YES;
				CLANG_WARN_INT_CONVERSION = YES;
				CLANG_WARN_OBJC_ROOT_CLASS = YES_ERROR;
				CLANG_WARN_SUSPICIOUS_MOVE = YES;
				CLANG_WARN_UNREACHABLE_CODE = YES;
				CLANG_WARN__DUPLICATE_METHOD_MATCH = YES;
				CODE_SIGN_IDENTITY = "iPhone Developer: An Huang (DH837PH54F)";
				"CODE_SIGN_IDENTITY[sdk=iphoneos*]" = "iPhone Developer: An Huang (DH837PH54F)";
				COPY_PHASE_STRIP = NO;
				DEBUG_INFORMATION_FORMAT = dwarf;
				ENABLE_STRICT_OBJC_MSGSEND = YES;
				ENABLE_TESTABILITY = YES;
				GCC_C_LANGUAGE_STANDARD = gnu99;
				GCC_DYNAMIC_NO_PIC = NO;
				GCC_NO_COMMON_BLOCKS = YES;
				GCC_OPTIMIZATION_LEVEL = 0;
				GCC_PREPROCESSOR_DEFINITIONS = (
					"DEBUG=1",
					"$(inherited)",
				);
				GCC_WARN_64_TO_32_BIT_CONVERSION = YES;
				GCC_WARN_ABOUT_RETURN_TYPE = YES_ERROR;
				GCC_WARN_UNDECLARED_SELECTOR = YES;
				GCC_WARN_UNINITIALIZED_AUTOS = YES_AGGRESSIVE;
				GCC_WARN_UNUSED_FUNCTION = YES;
				GCC_WARN_UNUSED_VARIABLE = YES;
				IPHONEOS_DEPLOYMENT_TARGET = 10.2;
				MTL_ENABLE_DEBUG_INFO = YES;
				ONLY_ACTIVE_ARCH = YES;
				PROVISIONING_PROFILE = "bc36c191-aa95-4ccf-b86d-5f8a880ba3ee";
				SDKROOT = iphoneos;
				TARGETED_DEVICE_FAMILY = "1,2";
			};
			name = Debug;
		};
		486A9B5C1E728D270070D6F1 /* Release */ = {
			isa = XCBuildConfiguration;
			buildSettings = {
				ALWAYS_SEARCH_USER_PATHS = NO;
				CLANG_ANALYZER_NONNULL = YES;
				CLANG_CXX_LANGUAGE_STANDARD = "gnu++0x";
				CLANG_CXX_LIBRARY = "libc++";
				CLANG_ENABLE_MODULES = YES;
				CLANG_ENABLE_OBJC_ARC = YES;
				CLANG_WARN_BOOL_CONVERSION = YES;
				CLANG_WARN_CONSTANT_CONVERSION = YES;
				CLANG_WARN_DIRECT_OBJC_ISA_USAGE = YES_ERROR;
				CLANG_WARN_DOCUMENTATION_COMMENTS = YES;
				CLANG_WARN_EMPTY_BODY = YES;
				CLANG_WARN_ENUM_CONVERSION = YES;
				CLANG_WARN_INFINITE_RECURSION = YES;
				CLANG_WARN_INT_CONVERSION = YES;
				CLANG_WARN_OBJC_ROOT_CLASS = YES_ERROR;
				CLANG_WARN_SUSPICIOUS_MOVE = YES;
				CLANG_WARN_UNREACHABLE_CODE = YES;
				CLANG_WARN__DUPLICATE_METHOD_MATCH = YES;
				CODE_SIGN_IDENTITY = "iPhone Distribution: GOLDCARD HIGH-TECH CO.,LTD. (4CX6972XTR)";
				"CODE_SIGN_IDENTITY[sdk=iphoneos*]" = "iPhone Distribution: GOLDCARD HIGH-TECH CO.,LTD. (4CX6972XTR)";
				COPY_PHASE_STRIP = NO;
				DEBUG_INFORMATION_FORMAT = "dwarf-with-dsym";
				ENABLE_NS_ASSERTIONS = NO;
				ENABLE_STRICT_OBJC_MSGSEND = YES;
				GCC_C_LANGUAGE_STANDARD = gnu99;
				GCC_NO_COMMON_BLOCKS = YES;
				GCC_WARN_64_TO_32_BIT_CONVERSION = YES;
				GCC_WARN_ABOUT_RETURN_TYPE = YES_ERROR;
				GCC_WARN_UNDECLARED_SELECTOR = YES;
				GCC_WARN_UNINITIALIZED_AUTOS = YES_AGGRESSIVE;
				GCC_WARN_UNUSED_FUNCTION = YES;
				GCC_WARN_UNUSED_VARIABLE = YES;
				IPHONEOS_DEPLOYMENT_TARGET = 10.2;
				MTL_ENABLE_DEBUG_INFO = NO;
				PROVISIONING_PROFILE = "07e22250-632e-4654-8a88-446048fd3922";
				SDKROOT = iphoneos;
				TARGETED_DEVICE_FAMILY = "1,2";
				VALIDATE_PRODUCT = YES;
			};
			name = Release;
		};
		486A9B5E1E728D270070D6F1 /* Debug */ = {
			isa = XCBuildConfiguration;
			buildSettings = {
				ASSETCATALOG_COMPILER_APPICON_NAME = AppIcon;
				DEVELOPMENT_TEAM = 4CX6972XTR;
				INFOPLIST_FILE = LYSProgressView/Info.plist;
				IPHONEOS_DEPLOYMENT_TARGET = 9.3;
				LD_RUNPATH_SEARCH_PATHS = "$(inherited) @executable_path/Frameworks";
				PRODUCT_BUNDLE_IDENTIFIER = "com.petrochina-qionghai.GasTreasure";
				PRODUCT_NAME = "$(TARGET_NAME)";
				PROVISIONING_PROFILE = "bc36c191-aa95-4ccf-b86d-5f8a880ba3ee";
				PROVISIONING_PROFILE_SPECIFIER = "petrolchina-qionghai-dev";
			};
			name = Debug;
		};
		486A9B5F1E728D270070D6F1 /* Release */ = {
			isa = XCBuildConfiguration;
			buildSettings = {
				ASSETCATALOG_COMPILER_APPICON_NAME = AppIcon;
				DEVELOPMENT_TEAM = 4CX6972XTR;
				INFOPLIST_FILE = LYSProgressView/Info.plist;
				IPHONEOS_DEPLOYMENT_TARGET = 9.3;
				LD_RUNPATH_SEARCH_PATHS = "$(inherited) @executable_path/Frameworks";
				PRODUCT_BUNDLE_IDENTIFIER = "com.petrochina-qionghai.GasTreasure";
				PRODUCT_NAME = "$(TARGET_NAME)";
				PROVISIONING_PROFILE = "dfd0149a-46d5-48ee-bfeb-4491b33d2623";
				PROVISIONING_PROFILE_SPECIFIER = "petrolchina-qionghai-adhoc";
			};
			name = Release;
		};
/* End XCBuildConfiguration section */

/* Begin XCConfigurationList section */
		486A9B411E728D270070D6F1 /* Build configuration list for PBXProject "LYSProgressView" */ = {
			isa = XCConfigurationList;
			buildConfigurations = (
				486A9B5B1E728D270070D6F1 /* Debug */,
				486A9B5C1E728D270070D6F1 /* Release */,
			);
			defaultConfigurationIsVisible = 0;
			defaultConfigurationName = Release;
		};
		486A9B5D1E728D270070D6F1 /* Build configuration list for PBXNativeTarget "LYSProgressView" */ = {
			isa = XCConfigurationList;
			buildConfigurations = (
				486A9B5E1E728D270070D6F1 /* Debug */,
				486A9B5F1E728D270070D6F1 /* Release */,
			);
			defaultConfigurationIsVisible = 0;
			defaultConfigurationName = Release;
		};
/* End XCConfigurationList section */
	};
	rootObject = 486A9B3E1E728D270070D6F1 /* Project object */;
}
